
Microsoft Visual Studio Solution File, Format Version 12.00
# Visual Studio Version 16
VisualStudioVersion = 16.0.29230.47
MinimumVisualStudioVersion = 10.0.40219.1
Project("{888888A0-9F3D-457C-B088-3A5042F75D52}") = "WeliosPython", "WeliosPython\WeliosPython.pyproj", "{16B8A670-B192-425A-BF87-8CF20AC58C42}"
EndProject
Global
	GlobalSection(SolutionConfigurationPlatforms) = preSolution
		Debug|Any CPU = Debug|Any CPU
		Release|Any CPU = Release|Any CPU
	EndGlobalSection
	GlobalSection(ProjectConfigurationPlatforms) = postSolution
		{16B8A670-B192-425A-BF87-8CF20AC58C42}.Debug|Any CPU.ActiveCfg = Debug|Any CPU
		{16B8A670-B192-425A-BF87-8CF20AC58C42}.Release|Any CPU.ActiveCfg = Release|Any CPU
	EndGlobalSection
	GlobalSection(SolutionProperties) = preSolution
		HideSolutionNode = FALSE
	EndGlobalSection
	GlobalSection(ExtensibilityGlobals) = postSolution
		SolutionGuid = {EE609BD2-5311-4744-B5BC-157CDB09EF93}
	EndGlobalSection
EndGlobal
